{
    "name": "peer-connect",
    "version": "1.0.0",
    "lockfileVersion": 3,
    "requires": true,
    "packages": {
        "": {
            "name": "peer-connect",
            "version": "1.0.0",
            "license": "ISC",
            "dependencies": {
                "@liveblocks/yjs": "^2.24.2",
                "@monaco-editor/react": "^4.7.0",
                "y-monaco": "^0.1.6",
                "y-protocols": "^1.0.6",
                "yjs": "^13.6.27"
            },
            "devDependencies": {
                "concurrently": "^9.1.0"
            }
        },
        "node_modules/@liveblocks/client": {
            "version": "2.24.2",
            "resolved": "https://registry.npmjs.org/@liveblocks/client/-/client-2.24.2.tgz",
            "integrity": "sha512-WlF501lO4vrD7N1sUTBsq3AXR+1rXRvAr2e5XAVhewvYkbDpJvBeti3jWp5S2LxufWMNNoFPzJSRR71FNaThNQ==",
            "dependencies": {
                "@liveblocks/core": "2.24.2"
            }
        },
        "node_modules/@liveblocks/core": {
            "version": "2.24.2",
            "resolved": "https://registry.npmjs.org/@liveblocks/core/-/core-2.24.2.tgz",
            "integrity": "sha512-RMWFGHEtwHnJDBZRdbx9gysWwWt7lDbKmX1bia2sOqff3DgELRXmrDzEMDj37X+fARdP9jGb+goWCdKHIcrTfQ=="
        },
        "node_modules/@liveblocks/yjs": {
            "version": "2.24.2",
            "resolved": "https://registry.npmjs.org/@liveblocks/yjs/-/yjs-2.24.2.tgz",
            "integrity": "sha512-khhAkM9u68SWrwk7SztxsXUi8XsavnPaX0iuzLcdFrg6U9PeiJvx88JQ1gVu+i61Pg+2iqK3lX3jI33a+eeQHw==",
            "dependencies": {
                "@liveblocks/client": "2.24.2",
                "@liveblocks/core": "2.24.2",
                "js-base64": "^3.7.7",
                "y-indexeddb": "^9.0.12"
            },
            "peerDependencies": {
                "yjs": "^13.6.1"
            }
        },
        "node_modules/@monaco-editor/loader": {
            "version": "1.5.0",
            "resolved": "https://registry.npmjs.org/@monaco-editor/loader/-/loader-1.5.0.tgz",
            "integrity": "sha512-hKoGSM+7aAc7eRTRjpqAZucPmoNOC4UUbknb/VNoTkEIkCPhqV8LfbsgM1webRM7S/z21eHEx9Fkwx8Z/C/+Xw==",
            "dependencies": {
                "state-local": "^1.0.6"
            }
        },
        "node_modules/@monaco-editor/react": {
            "version": "4.7.0",
            "resolved": "https://registry.npmjs.org/@monaco-editor/react/-/react-4.7.0.tgz",
            "integrity": "sha512-cyzXQCtO47ydzxpQtCGSQGOC8Gk3ZUeBXFAxD+CWXYFo5OqZyZUonFl0DwUlTyAfRHntBfw2p3w4s9R6oe1eCA==",
            "dependencies": {
                "@monaco-editor/loader": "^1.5.0"
            },
            "peerDependencies": {
                "monaco-editor": ">= 0.25.0 < 1",
                "react": "^16.8.0 || ^17.0.0 || ^18.0.0 || ^19.0.0",
                "react-dom": "^16.8.0 || ^17.0.0 || ^18.0.0 || ^19.0.0"
            }
        },
        "node_modules/ansi-regex": {
            "version": "5.0.1",
            "resolved": "https://registry.npmjs.org/ansi-regex/-/ansi-regex-5.0.1.tgz",
            "integrity": "sha512-quJQXlTSUGL2LH9SUXo8VwsY4soanhgo6LNSm84E1LBcE8s3O0wpdiRzyR9z/ZZJMlMWv37qOOb9pdJlMUEKFQ==",
            "dev": true,
            "engines": {
                "node": ">=8"
            }
        },
        "node_modules/ansi-styles": {
            "version": "4.3.0",
            "resolved": "https://registry.npmjs.org/ansi-styles/-/ansi-styles-4.3.0.tgz",
            "integrity": "sha512-zbB9rCJAT1rbjiVDb2hqKFHNYLxgtk8NURxZ3IZwD3F6NtxbXZQCnnSi1Lkx+IDohdPlFp222wVALIheZJQSEg==",
            "dev": true,
            "dependencies": {
                "color-convert": "^2.0.1"
            },
            "engines": {
                "node": ">=8"
            },
            "funding": {
                "url": "https://github.com/chalk/ansi-styles?sponsor=1"
            }
        },
        "node_modules/chalk": {
            "version": "4.1.2",
            "resolved": "https://registry.npmjs.org/chalk/-/chalk-4.1.2.tgz",
            "integrity": "sha512-oKnbhFyRIXpUuez8iBMmyEa4nbj4IOQyuhc/wy9kY7/WVPcwIO9VA668Pu8RkO7+0G76SLROeyw9CpQ061i4mA==",
            "dev": true,
            "dependencies": {
                "ansi-styles": "^4.1.0",
                "supports-color": "^7.1.0"
            },
            "engines": {
                "node": ">=10"
            },
            "funding": {
                "url": "https://github.com/chalk/chalk?sponsor=1"
            }
        },
        "node_modules/chalk/node_modules/supports-color": {
            "version": "7.2.0",
            "resolved": "https://registry.npmjs.org/supports-color/-/supports-color-7.2.0.tgz",
            "integrity": "sha512-qpCAvRl9stuOHveKsn7HncJRvv501qIacKzQlO/+Lwxc9+0q2wLyv4Dfvt80/DPn2pqOBsJdDiogXGR9+OvwRw==",
            "dev": true,
            "dependencies": {
                "has-flag": "^4.0.0"
            },
            "engines": {
                "node": ">=8"
            }
        },
        "node_modules/cliui": {
            "version": "8.0.1",
            "resolved": "https://registry.npmjs.org/cliui/-/cliui-8.0.1.tgz",
            "integrity": "sha512-BSeNnyus75C4//NQ9gQt1/csTXyo/8Sb+afLAkzAptFuMsod9HFokGNudZpi/oQV73hnVK+sR+5PVRMd+Dr7YQ==",
            "dev": true,
            "dependencies": {
                "string-width": "^4.2.0",
                "strip-ansi": "^6.0.1",
                "wrap-ansi": "^7.0.0"
            },
            "engines": {
                "node": ">=12"
            }
        },
        "node_modules/color-convert": {
            "version": "2.0.1",
            "resolved": "https://registry.npmjs.org/color-convert/-/color-convert-2.0.1.tgz",
            "integrity": "sha512-RRECPsj7iu/xb5oKYcsFHSppFNnsj/52OVTRKb4zP5onXwVF3zVmmToNcOfGC+CRDpfK/U584fMg38ZHCaElKQ==",
            "dev": true,
            "dependencies": {
                "color-name": "~1.1.4"
            },
            "engines": {
                "node": ">=7.0.0"
            }
        },
        "node_modules/color-name": {
            "version": "1.1.4",
            "resolved": "https://registry.npmjs.org/color-name/-/color-name-1.1.4.tgz",
            "integrity": "sha512-dOy+3AuW3a2wNbZHIuMZpTcgjGuLU/uBL/ubcZF9OXbDo8ff4O8yVp5Bf0efS8uEoYo5q4Fx7dY9OgQGXgAsQA==",
            "dev": true
        },
        "node_modules/concurrently": {
            "version": "9.1.2",
            "resolved": "https://registry.npmjs.org/concurrently/-/concurrently-9.1.2.tgz",
            "integrity": "sha512-H9MWcoPsYddwbOGM6difjVwVZHl63nwMEwDJG/L7VGtuaJhb12h2caPG2tVPWs7emuYix252iGfqOyrz1GczTQ==",
            "dev": true,
            "dependencies": {
                "chalk": "^4.1.2",
                "lodash": "^4.17.21",
                "rxjs": "^7.8.1",
                "shell-quote": "^1.8.1",
                "supports-color": "^8.1.1",
                "tree-kill": "^1.2.2",
                "yargs": "^17.7.2"
            },
            "bin": {
                "conc": "dist/bin/concurrently.js",
                "concurrently": "dist/bin/concurrently.js"
            },
            "engines": {
                "node": ">=18"
            },
            "funding": {
                "url": "https://github.com/open-cli-tools/concurrently?sponsor=1"
            }
        },
        "node_modules/emoji-regex": {
            "version": "8.0.0",
            "resolved": "https://registry.npmjs.org/emoji-regex/-/emoji-regex-8.0.0.tgz",
            "integrity": "sha512-MSjYzcWNOA0ewAHpz0MxpYFvwg6yjy1NG3xteoqz644VCo/RPgnr1/GGt+ic3iJTzQ8Eu3TdM14SawnVUmGE6A==",
            "dev": true
        },
        "node_modules/escalade": {
            "version": "3.2.0",
            "resolved": "https://registry.npmjs.org/escalade/-/escalade-3.2.0.tgz",
            "integrity": "sha512-WUj2qlxaQtO4g6Pq5c29GTcWGDyd8itL8zTlipgECz3JesAiiOKotd8JU6otB3PACgG6xkJUyVhboMS+bje/jA==",
            "dev": true,
            "engines": {
                "node": ">=6"
            }
        },
        "node_modules/get-caller-file": {
            "version": "2.0.5",
            "resolved": "https://registry.npmjs.org/get-caller-file/-/get-caller-file-2.0.5.tgz",
            "integrity": "sha512-DyFP3BM/3YHTQOCUL/w0OZHR0lpKeGrxotcHWcqNEdnltqFwXVfhEBQ94eIo34AfQpo0rGki4cyIiftY06h2Fg==",
            "dev": true,
            "engines": {
                "node": "6.* || 8.* || >= 10.*"
            }
        },
        "node_modules/has-flag": {
            "version": "4.0.0",
            "resolved": "https://registry.npmjs.org/has-flag/-/has-flag-4.0.0.tgz",
            "integrity": "sha512-EykJT/Q1KjTWctppgIAgfSO0tKVuZUjhgMr17kqTumMl6Afv3EISleU7qZUzoXDFTAHTDC4NOoG/ZxU3EvlMPQ==",
            "dev": true,
            "engines": {
                "node": ">=8"
            }
        },
        "node_modules/is-fullwidth-code-point": {
            "version": "3.0.0",
            "resolved": "https://registry.npmjs.org/is-fullwidth-code-point/-/is-fullwidth-code-point-3.0.0.tgz",
            "integrity": "sha512-zymm5+u+sCsSWyD9qNaejV3DFvhCKclKdizYaJUuHA83RLjb7nSuGnddCHGv0hk+KY7BMAlsWeK4Ueg6EV6XQg==",
            "dev": true,
            "engines": {
                "node": ">=8"
            }
        },
        "node_modules/isomorphic.js": {
            "version": "0.2.5",
            "resolved": "https://registry.npmjs.org/isomorphic.js/-/isomorphic.js-0.2.5.tgz",
            "integrity": "sha512-PIeMbHqMt4DnUP3MA/Flc0HElYjMXArsw1qwJZcm9sqR8mq3l8NYizFMty0pWwE/tzIGH3EKK5+jes5mAr85yw==",
            "funding": {
                "type": "GitHub Sponsors ❤",
                "url": "https://github.com/sponsors/dmonad"
            }
        },
        "node_modules/js-base64": {
            "version": "3.7.7",
            "resolved": "https://registry.npmjs.org/js-base64/-/js-base64-3.7.7.tgz",
            "integrity": "sha512-7rCnleh0z2CkXhH67J8K1Ytz0b2Y+yxTPL+/KOJoa20hfnVQ/3/T6W/KflYI4bRHRagNeXeU2bkNGI3v1oS/lw=="
        },
        "node_modules/lib0": {
            "version": "0.2.108",
            "resolved": "https://registry.npmjs.org/lib0/-/lib0-0.2.108.tgz",
            "integrity": "sha512-+3eK/B0SqYoZiQu9fNk4VEc6EX8cb0Li96tPGKgugzoGj/OdRdREtuTLvUW+mtinoB2mFiJjSqOJBIaMkAGhxQ==",
            "dependencies": {
                "isomorphic.js": "^0.2.4"
            },
            "bin": {
                "0ecdsa-generate-keypair": "bin/0ecdsa-generate-keypair.js",
                "0gentesthtml": "bin/gentesthtml.js",
                "0serve": "bin/0serve.js"
            },
            "engines": {
                "node": ">=16"
            },
            "funding": {
                "type": "GitHub Sponsors ❤",
                "url": "https://github.com/sponsors/dmonad"
            }
        },
        "node_modules/lodash": {
            "version": "4.17.21",
            "resolved": "https://registry.npmjs.org/lodash/-/lodash-4.17.21.tgz",
            "integrity": "sha512-v2kDEe57lecTulaDIuNTPy3Ry4gLGJ6Z1O3vE1krgXZNrsQ+LFTGHVxVjcXPs17LhbZVGedAJv8XZ1tvj5FvSg==",
            "dev": true
        },
        "node_modules/monaco-editor": {
            "version": "0.52.2",
            "resolved": "https://registry.npmjs.org/monaco-editor/-/monaco-editor-0.52.2.tgz",
            "integrity": "sha512-GEQWEZmfkOGLdd3XK8ryrfWz3AIP8YymVXiPHEdewrUq7mh0qrKrfHLNCXcbB6sTnMLnOZ3ztSiKcciFUkIJwQ==",
            "peer": true
        },
        "node_modules/react": {
            "version": "19.1.0",
            "resolved": "https://registry.npmjs.org/react/-/react-19.1.0.tgz",
            "integrity": "sha512-FS+XFBNvn3GTAWq26joslQgWNoFu08F4kl0J4CgdNKADkdSGXQyTCnKteIAJy96Br6YbpEU1LSzV5dYtjMkMDg==",
            "peer": true,
            "engines": {
                "node": ">=0.10.0"
            }
        },
        "node_modules/react-dom": {
            "version": "19.1.0",
            "resolved": "https://registry.npmjs.org/react-dom/-/react-dom-19.1.0.tgz",
            "integrity": "sha512-Xs1hdnE+DyKgeHJeJznQmYMIBG3TKIHJJT95Q58nHLSrElKlGQqDTR2HQ9fx5CN/Gk6Vh/kupBTDLU11/nDk/g==",
            "peer": true,
            "dependencies": {
                "scheduler": "^0.26.0"
            },
            "peerDependencies": {
                "react": "^19.1.0"
            }
        },
        "node_modules/require-directory": {
            "version": "2.1.1",
            "resolved": "https://registry.npmjs.org/require-directory/-/require-directory-2.1.1.tgz",
            "integrity": "sha512-fGxEI7+wsG9xrvdjsrlmL22OMTTiHRwAMroiEeMgq8gzoLC/PQr7RsRDSTLUg/bZAZtF+TVIkHc6/4RIKrui+Q==",
            "dev": true,
            "engines": {
                "node": ">=0.10.0"
            }
        },
        "node_modules/rxjs": {
            "version": "7.8.1",
            "resolved": "https://registry.npmjs.org/rxjs/-/rxjs-7.8.1.tgz",
            "integrity": "sha512-AA3TVj+0A2iuIoQkWEK/tqFjBq2j+6PO6Y0zJcvzLAFhEFIO3HL0vls9hWLncZbAAbK0mar7oZ4V079I/qPMxg==",
            "dev": true,
            "dependencies": {
                "tslib": "^2.1.0"
            }
        },
        "node_modules/scheduler": {
            "version": "0.26.0",
            "resolved": "https://registry.npmjs.org/scheduler/-/scheduler-0.26.0.tgz",
            "integrity": "sha512-NlHwttCI/l5gCPR3D1nNXtWABUmBwvZpEQiD4IXSbIDq8BzLIK/7Ir5gTFSGZDUu37K5cMNp0hFtzO38sC7gWA==",
            "peer": true
        },
        "node_modules/shell-quote": {
            "version": "1.8.2",
            "resolved": "https://registry.npmjs.org/shell-quote/-/shell-quote-1.8.2.tgz",
            "integrity": "sha512-AzqKpGKjrj7EM6rKVQEPpB288oCfnrEIuyoT9cyF4nmGa7V8Zk6f7RRqYisX8X9m+Q7bd632aZW4ky7EhbQztA==",
            "dev": true,
            "engines": {
                "node": ">= 0.4"
            },
            "funding": {
                "url": "https://github.com/sponsors/ljharb"
            }
        },
        "node_modules/state-local": {
            "version": "1.0.7",
            "resolved": "https://registry.npmjs.org/state-local/-/state-local-1.0.7.tgz",
            "integrity": "sha512-HTEHMNieakEnoe33shBYcZ7NX83ACUjCu8c40iOGEZsngj9zRnkqS9j1pqQPXwobB0ZcVTk27REb7COQ0UR59w=="
        },
        "node_modules/string-width": {
            "version": "4.2.3",
            "resolved": "https://registry.npmjs.org/string-width/-/string-width-4.2.3.tgz",
            "integrity": "sha512-wKyQRQpjJ0sIp62ErSZdGsjMJWsap5oRNihHhu6G7JVO/9jIB6UyevL+tXuOqrng8j/cxKTWyWUwvSTriiZz/g==",
            "dev": true,
            "dependencies": {
                "emoji-regex": "^8.0.0",
                "is-fullwidth-code-point": "^3.0.0",
                "strip-ansi": "^6.0.1"
            },
            "engines": {
                "node": ">=8"
            }
        },
        "node_modules/strip-ansi": {
            "version": "6.0.1",
            "resolved": "https://registry.npmjs.org/strip-ansi/-/strip-ansi-6.0.1.tgz",
            "integrity": "sha512-Y38VPSHcqkFrCpFnQ9vuSXmquuv5oXOKpGeT6aGrr3o3Gc9AlVa6JBfUSOCnbxGGZF+/0ooI7KrPuUSztUdU5A==",
            "dev": true,
            "dependencies": {
                "ansi-regex": "^5.0.1"
            },
            "engines": {
                "node": ">=8"
            }
        },
        "node_modules/supports-color": {
            "version": "8.1.1",
            "resolved": "https://registry.npmjs.org/supports-color/-/supports-color-8.1.1.tgz",
            "integrity": "sha512-MpUEN2OodtUzxvKQl72cUF7RQ5EiHsGvSsVG0ia9c5RbWGL2CI4C7EpPS8UTBIplnlzZiNuV56w+FuNxy3ty2Q==",
            "dev": true,
            "dependencies": {
                "has-flag": "^4.0.0"
            },
            "engines": {
                "node": ">=10"
            },
            "funding": {
                "url": "https://github.com/chalk/supports-color?sponsor=1"
            }
        },
        "node_modules/tree-kill": {
            "version": "1.2.2",
            "resolved": "https://registry.npmjs.org/tree-kill/-/tree-kill-1.2.2.tgz",
            "integrity": "sha512-L0Orpi8qGpRG//Nd+H90vFB+3iHnue1zSSGmNOOCh1GLJ7rUKVwV2HvijphGQS2UmhUZewS9VgvxYIdgr+fG1A==",
            "dev": true,
            "bin": {
                "tree-kill": "cli.js"
            }
        },
        "node_modules/tslib": {
            "version": "2.8.1",
            "resolved": "https://registry.npmjs.org/tslib/-/tslib-2.8.1.tgz",
            "integrity": "sha512-oJFu94HQb+KVduSUQL7wnpmqnfmLsOA/nAh6b6EH0wCEoK0/mPeXU6c3wKDV83MkOuHPRHtSXKKU99IBazS/2w==",
            "dev": true
        },
        "node_modules/wrap-ansi": {
            "version": "7.0.0",
            "resolved": "https://registry.npmjs.org/wrap-ansi/-/wrap-ansi-7.0.0.tgz",
            "integrity": "sha512-YVGIj2kamLSTxw6NsZjoBxfSwsn0ycdesmc4p+Q21c5zPuZ1pl+NfxVdxPtdHvmNVOQ6XSYG4AUtyt/Fi7D16Q==",
            "dev": true,
            "dependencies": {
                "ansi-styles": "^4.0.0",
                "string-width": "^4.1.0",
                "strip-ansi": "^6.0.0"
            },
            "engines": {
                "node": ">=10"
            },
            "funding": {
                "url": "https://github.com/chalk/wrap-ansi?sponsor=1"
            }
        },
        "node_modules/y-indexeddb": {
            "version": "9.0.12",
            "resolved": "https://registry.npmjs.org/y-indexeddb/-/y-indexeddb-9.0.12.tgz",
            "integrity": "sha512-9oCFRSPPzBK7/w5vOkJBaVCQZKHXB/v6SIT+WYhnJxlEC61juqG0hBrAf+y3gmSMLFLwICNH9nQ53uscuse6Hg==",
            "dependencies": {
                "lib0": "^0.2.74"
            },
            "engines": {
                "node": ">=16.0.0",
                "npm": ">=8.0.0"
            },
            "funding": {
                "type": "GitHub Sponsors ❤",
                "url": "https://github.com/sponsors/dmonad"
            },
            "peerDependencies": {
                "yjs": "^13.0.0"
            }
        },
        "node_modules/y-monaco": {
            "version": "0.1.6",
            "resolved": "https://registry.npmjs.org/y-monaco/-/y-monaco-0.1.6.tgz",
            "integrity": "sha512-sYRywMmcylt+Nupl+11AvizD2am06ST8lkVbUXuaEmrtV6Tf+TD4rsEm6u9YGGowYue+Vfg1IJ97SUP2J+PVXg==",
            "dependencies": {
                "lib0": "^0.2.43"
            },
            "engines": {
                "node": ">=12.0.0",
                "npm": ">=6.0.0"
            },
            "peerDependencies": {
                "monaco-editor": ">=0.20.0",
                "yjs": "^13.3.1"
            }
        },
        "node_modules/y-protocols": {
            "version": "1.0.6",
            "resolved": "https://registry.npmjs.org/y-protocols/-/y-protocols-1.0.6.tgz",
            "integrity": "sha512-vHRF2L6iT3rwj1jub/K5tYcTT/mEYDUppgNPXwp8fmLpui9f7Yeq3OEtTLVF012j39QnV+KEQpNqoN7CWU7Y9Q==",
            "dependencies": {
                "lib0": "^0.2.85"
            },
            "engines": {
                "node": ">=16.0.0",
                "npm": ">=8.0.0"
            },
            "funding": {
                "type": "GitHub Sponsors ❤",
                "url": "https://github.com/sponsors/dmonad"
            },
            "peerDependencies": {
                "yjs": "^13.0.0"
            }
        },
        "node_modules/y18n": {
            "version": "5.0.8",
            "resolved": "https://registry.npmjs.org/y18n/-/y18n-5.0.8.tgz",
            "integrity": "sha512-0pfFzegeDWJHJIAmTLRP2DwHjdF5s7jo9tuztdQxAhINCdvS+3nGINqPd00AphqJR/0LhANUS6/+7SCb98YOfA==",
            "dev": true,
            "engines": {
                "node": ">=10"
            }
        },
        "node_modules/yargs": {
            "version": "17.7.2",
            "resolved": "https://registry.npmjs.org/yargs/-/yargs-17.7.2.tgz",
            "integrity": "sha512-7dSzzRQ++CKnNI/krKnYRV7JKKPUXMEh61soaHKg9mrWEhzFWhFnxPxGl+69cD1Ou63C13NUPCnmIcrvqCuM6w==",
            "dev": true,
            "dependencies": {
                "cliui": "^8.0.1",
                "escalade": "^3.1.1",
                "get-caller-file": "^2.0.5",
                "require-directory": "^2.1.1",
                "string-width": "^4.2.3",
                "y18n": "^5.0.5",
                "yargs-parser": "^21.1.1"
            },
            "engines": {
                "node": ">=12"
            }
        },
        "node_modules/yargs-parser": {
            "version": "21.1.1",
            "resolved": "https://registry.npmjs.org/yargs-parser/-/yargs-parser-21.1.1.tgz",
            "integrity": "sha512-tVpsJW7DdjecAiFpbIB1e3qxIQsE6NoPc5/eTdrbbIC4h0LVsWhnoa3g+m2HclBIujHzsxZ4VJVA+GUuc2/LBw==",
            "dev": true,
            "engines": {
                "node": ">=12"
            }
        },
        "node_modules/yjs": {
            "version": "13.6.27",
            "resolved": "https://registry.npmjs.org/yjs/-/yjs-13.6.27.tgz",
            "integrity": "sha512-OIDwaflOaq4wC6YlPBy2L6ceKeKuF7DeTxx+jPzv1FHn9tCZ0ZwSRnUBxD05E3yed46fv/FWJbvR+Ud7x0L7zw==",
            "dependencies": {
                "lib0": "^0.2.99"
            },
            "engines": {
                "node": ">=16.0.0",
                "npm": ">=8.0.0"
            },
            "funding": {
                "type": "GitHub Sponsors ❤",
                "url": "https://github.com/sponsors/dmonad"
            }
        }
    }
}
